
Microsoft Visual Studio Solution File, Format Version 12.00
# Visual Studio Version 16
VisualStudioVersion = 16.0.29709.97
MinimumVisualStudioVersion = 10.0.40219.1
Project("{8BC9CEB8-8B4A-11D0-8D11-00A0C91BC942}") = "3DModelingProj", "3DModelingProj\3DModelingProj.vcxproj", "{8624E2ED-98FC-4D43-A409-2F4260B500E7}"
EndProject
Global
	GlobalSection(SolutionConfigurationPlatforms) = preSolution
		Debug|x64 = Debug|x64
		Debug|x86 = Debug|x86
		Release|x64 = Release|x64
		Release|x86 = Release|x86
	EndGlobalSection
	GlobalSection(ProjectConfigurationPlatforms) = postSolution
		{8624E2ED-98FC-4D43-A409-2F4260B500E7}.Debug|x64.ActiveCfg = Debug|x64
		{8624E2ED-98FC-4D43-A409-2F4260B500E7}.Debug|x64.Build.0 = Debug|x64
		{8624E2ED-98FC-4D43-A409-2F4260B500E7}.Debug|x86.ActiveCfg = Debug|Win32
		{8624E2ED-98FC-4D43-A409-2F4260B500E7}.Debug|x86.Build.0 = Debug|Win32
		{8624E2ED-98FC-4D43-A409-2F4260B500E7}.Release|x64.ActiveCfg = Release|x64
		{8624E2ED-98FC-4D43-A409-2F4260B500E7}.Release|x64.Build.0 = Release|x64
		{8624E2ED-98FC-4D43-A409-2F4260B500E7}.Release|x86.ActiveCfg = Release|Win32
		{8624E2ED-98FC-4D43-A409-2F4260B500E7}.Release|x86.Build.0 = Release|Win32
	EndGlobalSection
	GlobalSection(SolutionProperties) = preSolution
		HideSolutionNode = FALSE
	EndGlobalSection
	GlobalSection(ExtensibilityGlobals) = postSolution
		SolutionGuid = {841C47AF-3BF4-4E93-B0E3-FFAEB89D5085}
	EndGlobalSection
EndGlobal
